
Microsoft Visual Studio Solution File, Format Version 12.00
# Visual Studio 15
Project("{FAE04EC0-301F-11D3-BF4B-00C04F79EFBC}") = "BankApp", "BankApp\BankApp.csproj", "{6BF99945-2C3E-47D6-98EE-5B120CC307DD}"
EndProject
Global
	GlobalSection(SolutionConfigurationPlatforms) = preSolution
		Debug|Any CPU = Debug|Any CPU
		Release|Any CPU = Release|Any CPU
	EndGlobalSection
	GlobalSection(ProjectConfigurationPlatforms) = postSolution
		{6BF99945-2C3E-47D6-98EE-5B120CC307DD}.Debug|Any CPU.ActiveCfg = Debug|Any CPU
		{6BF99945-2C3E-47D6-98EE-5B120CC307DD}.Debug|Any CPU.Build.0 = Debug|Any CPU
		{6BF99945-2C3E-47D6-98EE-5B120CC307DD}.Release|Any CPU.ActiveCfg = Release|Any CPU
		{6BF99945-2C3E-47D6-98EE-5B120CC307DD}.Release|Any CPU.Build.0 = Release|Any CPU
	EndGlobalSection
EndGlobal
